PODS:
  - CTMediator (25)
  - Masonry (1.1.0)

DEPENDENCIES:
  - CTMediator
  - Masonry (~> 1.1.0)

SPEC REPOS:
  https://github.com/cocoapods/specs.git:
    - CTMediator
    - Masonry

SPEC CHECKSUMS:
  CTMediator: 830c1fc204b3a6abf2a059510c7380f56343da0f
  Masonry: 678fab65091a9290e40e2832a55e7ab731aad201

PODFILE CHECKSUM: 70445e0e7eac69ba1f40efde65ffd3259b038b59

COCOAPODS: 1.6.1
